// !$*UTF8*$!
{
	archiveVersion = 1;
	classes = {
	};
	objectVersion = 77;
	objects = {

/* Begin PBXBuildFile section */
		502D615A15729052C7B05927 /* Pods_YUSOKU.framework in Frameworks */ = {isa = PBXBuildFile; fileRef = 7ECCFE250E4E660BF6E8A863 /* Pods_YUSOKU.framework */; };
		8249BBEC1CB05D0827FD344D /* Pods_YUSOKU_YUSOKUUITests.framework in Frameworks */ = {isa = PBXBuildFile; fileRef = 193C0BE35DBF30B73A8A4FC4 /* Pods_YUSOKU_YUSOKUUITests.framework */; };
		8585BDC42F34B786000C9076 /* Assets.xcassets in Resources */ = {isa = PBXBuildFile; fileRef = 8585BDC32F34B786000C9076 /* Assets.xcassets */; };
		F0FC5E44530B8E92DCA7CA5B /* Pods_YUSOKUTests.framework in Frameworks */ = {isa = PBXBuildFile; fileRef = 8594B62C854CBAAFF69D77F3 /* Pods_YUSOKUTests.framework */; };
/* End PBXBuildFile section */

/* Begin PBXContainerItemProxy section */
		8595754C2F2E17FF00801601 /* PBXContainerItemProxy */ = {
			isa = PBXContainerItemProxy;
			containerPortal = 8595752D2F2E17FE00801601 /* Project object */;
			proxyType = 1;
			remoteGlobalIDString = 859575342F2E17FE00801601;
			remoteInfo = YUSOKU;
		};
		859575562F2E17FF00801601 /* PBXContainerItemProxy */ = {
			isa = PBXContainerItemProxy;
			containerPortal = 8595752D2F2E17FE00801601 /* Project object */;
			proxyType = 1;
			remoteGlobalIDString = 859575342F2E17FE00801601;
			remoteInfo = YUSOKU;
		};
/* End PBXContainerItemProxy section */

/* Begin PBXFileReference section */
		193C0BE35DBF30B73A8A4FC4 /* Pods_YUSOKU_YUSOKUUITests.framework */ = {isa = PBXFileReference; explicitFileType = wrapper.framework; includeInIndex = 0; path = Pods_YUSOKU_YUSOKUUITests.framework; sourceTree = BUILT_PRODUCTS_DIR; };
		498E625A4815F25A2B6697C6 /* Pods-YUSOKU-YUSOKUUITests.debug.xcconfig */ = {isa = PBXFileReference; includeInIndex = 1; lastKnownFileType = text.xcconfig; name = "Pods-YUSOKU-YUSOKUUITests.debug.xcconfig"; path = "Target Support Files/Pods-YUSOKU-YUSOKUUITests/Pods-YUSOKU-YUSOKUUITests.debug.xcconfig"; sourceTree = "<group>"; };
		52349557987F79D682AF594C /* Pods-YUSOKUTests.release.xcconfig */ = {isa = PBXFileReference; includeInIndex = 1; lastKnownFileType = text.xcconfig; name = "Pods-YUSOKUTests.release.xcconfig"; path = "Target Support Files/Pods-YUSOKUTests/Pods-YUSOKUTests.release.xcconfig"; sourceTree = "<group>"; };
		760F3E93DA94669EAD0DD18A /* Pods-YUSOKUTests.debug.xcconfig */ = {isa = PBXFileReference; includeInIndex = 1; lastKnownFileType = text.xcconfig; name = "Pods-YUSOKUTests.debug.xcconfig"; path = "Target Support Files/Pods-YUSOKUTests/Pods-YUSOKUTests.debug.xcconfig"; sourceTree = "<group>"; };
		7ECCFE250E4E660BF6E8A863 /* Pods_YUSOKU.framework */ = {isa = PBXFileReference; explicitFileType = wrapper.framework; includeInIndex = 0; path = Pods_YUSOKU.framework; sourceTree = BUILT_PRODUCTS_DIR; };
		8585BDC32F34B786000C9076 /* Assets.xcassets */ = {isa = PBXFileReference; lastKnownFileType = folder.assetcatalog; path = Assets.xcassets; sourceTree = "<group>"; };
		8594B62C854CBAAFF69D77F3 /* Pods_YUSOKUTests.framework */ = {isa = PBXFileReference; explicitFileType = wrapper.framework; includeInIndex = 0; path = Pods_YUSOKUTests.framework; sourceTree = BUILT_PRODUCTS_DIR; };
		859575352F2E17FE00801601 /* YUSOKU.app */ = {isa = PBXFileReference; explicitFileType = wrapper.application; includeInIndex = 0; path = YUSOKU.app; sourceTree = BUILT_PRODUCTS_DIR; };
		8595754B2F2E17FF00801601 /* YUSOKUTests.xctest */ = {isa = PBXFileReference; explicitFileType = wrapper.cfbundle; includeInIndex = 0; path = YUSOKUTests.xctest; sourceTree = BUILT_PRODUCTS_DIR; };
		859575552F2E17FF00801601 /* YUSOKUUITests.xctest */ = {isa = PBXFileReference; explicitFileType = wrapper.cfbundle; includeInIndex = 0; path = YUSOKUUITests.xctest; sourceTree = BUILT_PRODUCTS_DIR; };
		87DE64B1C3AC0648D27301EC /* Pods-YUSOKU.release.xcconfig */ = {isa = PBXFileReference; includeInIndex = 1; lastKnownFileType = text.xcconfig; name = "Pods-YUSOKU.release.xcconfig"; path = "Target Support Files/Pods-YUSOKU/Pods-YUSOKU.release.xcconfig"; sourceTree = "<group>"; };
		95E0CF508F1E8311AC68300D /* Pods-YUSOKU-YUSOKUUITests.release.xcconfig */ = {isa = PBXFileReference; includeInIndex = 1; lastKnownFileType = text.xcconfig; name = "Pods-YUSOKU-YUSOKUUITests.release.xcconfig"; path = "Target Support Files/Pods-YUSOKU-YUSOKUUITests/Pods-YUSOKU-YUSOKUUITests.release.xcconfig"; sourceTree = "<group>"; };
		FD2AD763F3ECD49C8AD7A8E5 /* Pods-YUSOKU.debug.xcconfig */ = {isa = PBXFileReference; includeInIndex = 1; lastKnownFileType = text.xcconfig; name = "Pods-YUSOKU.debug.xcconfig"; path = "Target Support Files/Pods-YUSOKU/Pods-YUSOKU.debug.xcconfig"; sourceTree = "<group>"; };
/* End PBXFileReference section */

/* Begin PBXFileSystemSynchronizedBuildFileExceptionSet section */
		857667B52F2F038100213B43 /* Exceptions for "YUSOKU" folder in "YUSOKU" target */ = {
			isa = PBXFileSystemSynchronizedBuildFileExceptionSet;
			membershipExceptions = (
				Info.plist,
			);
			target = 859575342F2E17FE00801601 /* YUSOKU */;
		};
/* End PBXFileSystemSynchronizedBuildFileExceptionSet section */

/* Begin PBXFileSystemSynchronizedRootGroup section */
		859575372F2E17FE00801601 /* YUSOKU */ = {
			isa = PBXFileSystemSynchronizedRootGroup;
			exceptions = (
				857667B52F2F038100213B43 /* Exceptions for "YUSOKU" folder in "YUSOKU" target */,
			);
			path = YUSOKU;
			sourceTree = "<group>";
		};
		8595754E2F2E17FF00801601 /* YUSOKUTests */ = {
			isa = PBXFileSystemSynchronizedRootGroup;
			path = YUSOKUTests;
			sourceTree = "<group>";
		};
		859575582F2E17FF00801601 /* YUSOKUUITests */ = {
			isa = PBXFileSystemSynchronizedRootGroup;
			path = YUSOKUUITests;
			sourceTree = "<group>";
		};
/* End PBXFileSystemSynchronizedRootGroup section */

/* Begin PBXFrameworksBuildPhase section */
		859575322F2E17FE00801601 /* Frameworks */ = {
			isa = PBXFrameworksBuildPhase;
			buildActionMask = 2147483647;
			files = (
				502D615A15729052C7B05927 /* Pods_YUSOKU.framework in Frameworks */,
			);
			runOnlyForDeploymentPostprocessing = 0;
		};
		859575482F2E17FF00801601 /* Frameworks */ = {
			isa = PBXFrameworksBuildPhase;
			buildActionMask = 2147483647;
			files = (
				F0FC5E44530B8E92DCA7CA5B /* Pods_YUSOKUTests.framework in Frameworks */,
			);
			runOnlyForDeploymentPostprocessing = 0;
		};
		859575522F2E17FF00801601 /* Frameworks */ = {
			isa = PBXFrameworksBuildPhase;
			buildActionMask = 2147483647;
			files = (
				8249BBEC1CB05D0827FD344D /* Pods_YUSOKU_YUSOKUUITests.framework in Frameworks */,
			);
			runOnlyForDeploymentPostprocessing = 0;
		};
/* End PBXFrameworksBuildPhase section */

/* Begin PBXGroup section */
		1A657B2ED58BEF870C1B967C /* Frameworks */ = {
			isa = PBXGroup;
			children = (
				7ECCFE250E4E660BF6E8A863 /* Pods_YUSOKU.framework */,
				193C0BE35DBF30B73A8A4FC4 /* Pods_YUSOKU_YUSOKUUITests.framework */,
				8594B62C854CBAAFF69D77F3 /* Pods_YUSOKUTests.framework */,
			);
			name = Frameworks;
			sourceTree = "<group>";
		};
		8595752C2F2E17FE00801601 = {
			isa = PBXGroup;
			children = (
				8585BDC32F34B786000C9076 /* Assets.xcassets */,
				859575372F2E17FE00801601 /* YUSOKU */,
				8595754E2F2E17FF00801601 /* YUSOKUTests */,
				859575582F2E17FF00801601 /* YUSOKUUITests */,
				859575362F2E17FE00801601 /* Products */,
				A28C26C05385FA43E080DD97 /* Pods */,
				1A657B2ED58BEF870C1B967C /* Frameworks */,
			);
			sourceTree = "<group>";
		};
		859575362F2E17FE00801601 /* Products */ = {
			isa = PBXGroup;
			children = (
				859575352F2E17FE00801601 /* YUSOKU.app */,
				8595754B2F2E17FF00801601 /* YUSOKUTests.xctest */,
				859575552F2E17FF00801601 /* YUSOKUUITests.xctest */,
			);
			name = Products;
			sourceTree = "<group>";
		};
		A28C26C05385FA43E080DD97 /* Pods */ = {
			isa = PBXGroup;
			children = (
				FD2AD763F3ECD49C8AD7A8E5 /* Pods-YUSOKU.debug.xcconfig */,
				87DE64B1C3AC0648D27301EC /* Pods-YUSOKU.release.xcconfig */,
				498E625A4815F25A2B6697C6 /* Pods-YUSOKU-YUSOKUUITests.debug.xcconfig */,
				95E0CF508F1E8311AC68300D /* Pods-YUSOKU-YUSOKUUITests.release.xcconfig */,
				760F3E93DA94669EAD0DD18A /* Pods-YUSOKUTests.debug.xcconfig */,
				52349557987F79D682AF594C /* Pods-YUSOKUTests.release.xcconfig */,
			);
			path = Pods;
			sourceTree = "<group>";
		};
/* End PBXGroup section */

/* Begin PBXNativeTarget section */
		859575342F2E17FE00801601 /* YUSOKU */ = {
			isa = PBXNativeTarget;
			buildConfigurationList = 8595755E2F2E17FF00801601 /* Build configuration list for PBXNativeTarget "YUSOKU" */;
			buildPhases = (
				6861BF2BA4498D75B02BF3CE /* [CP] Check Pods Manifest.lock */,
				859575312F2E17FE00801601 /* Sources */,
				859575322F2E17FE00801601 /* Frameworks */,
				859575332F2E17FE00801601 /* Resources */,
				E23AD7B69657C4392CADF9C2 /* [CP] Copy Pods Resources */,
			);
			buildRules = (
			);
			dependencies = (
			);
			fileSystemSynchronizedGroups = (
				859575372F2E17FE00801601 /* YUSOKU */,
			);
			name = YUSOKU;
			productName = YUSOKU;
			productReference = 859575352F2E17FE00801601 /* YUSOKU.app */;
			productType = "com.apple.product-type.application";
		};
		8595754A2F2E17FF00801601 /* YUSOKUTests */ = {
			isa = PBXNativeTarget;
			buildConfigurationList = 859575632F2E17FF00801601 /* Build configuration list for PBXNativeTarget "YUSOKUTests" */;
			buildPhases = (
				2168E17E6F358F1309300403 /* [CP] Check Pods Manifest.lock */,
				859575472F2E17FF00801601 /* Sources */,
				859575482F2E17FF00801601 /* Frameworks */,
				859575492F2E17FF00801601 /* Resources */,
			);
			buildRules = (
			);
			dependencies = (
				8595754D2F2E17FF00801601 /* PBXTargetDependency */,
			);
			fileSystemSynchronizedGroups = (
				8595754E2F2E17FF00801601 /* YUSOKUTests */,
			);
			name = YUSOKUTests;
			productName = YUSOKUTests;
			productReference = 8595754B2F2E17FF00801601 /* YUSOKUTests.xctest */;
			productType = "com.apple.product-type.bundle.unit-test";
		};
		859575542F2E17FF00801601 /* YUSOKUUITests */ = {
			isa = PBXNativeTarget;
			buildConfigurationList = 859575662F2E17FF00801601 /* Build configuration list for PBXNativeTarget "YUSOKUUITests" */;
			buildPhases = (
				00C1FFF9321B1CE0F3A438CE /* [CP] Check Pods Manifest.lock */,
				859575512F2E17FF00801601 /* Sources */,
				859575522F2E17FF00801601 /* Frameworks */,
				859575532F2E17FF00801601 /* Resources */,
				00A84C0767B51911A39B465D /* [CP] Copy Pods Resources */,
			);
			buildRules = (
			);
			dependencies = (
				859575572F2E17FF00801601 /* PBXTargetDependency */,
			);
			fileSystemSynchronizedGroups = (
				859575582F2E17FF00801601 /* YUSOKUUITests */,
			);
			name = YUSOKUUITests;
			productName = YUSOKUUITests;
			productReference = 859575552F2E17FF00801601 /* YUSOKUUITests.xctest */;
			productType = "com.apple.product-type.bundle.ui-testing";
		};
/* End PBXNativeTarget section */

/* Begin PBXProject section */
		8595752D2F2E17FE00801601 /* Project object */ = {
			isa = PBXProject;
			attributes = {
				BuildIndependentTargetsInParallel = 1;
				LastSwiftUpdateCheck = 2620;
				LastUpgradeCheck = 2620;
				TargetAttributes = {
					859575342F2E17FE00801601 = {
						CreatedOnToolsVersion = 26.2;
					};
					8595754A2F2E17FF00801601 = {
						CreatedOnToolsVersion = 26.2;
						TestTargetID = 859575342F2E17FE00801601;
					};
					859575542F2E17FF00801601 = {
						CreatedOnToolsVersion = 26.2;
						TestTargetID = 859575342F2E17FE00801601;
					};
				};
			};
			buildConfigurationList = 859575302F2E17FE00801601 /* Build configuration list for PBXProject "YUSOKU" */;
			developmentRegion = en;
			hasScannedForEncodings = 0;
			knownRegions = (
				en,
				Base,
			);
			mainGroup = 8595752C2F2E17FE00801601;
			minimizedProjectReferenceProxies = 1;
			preferredProjectObjectVersion = 77;
			productRefGroup = 859575362F2E17FE00801601 /* Products */;
			projectDirPath = "";
			projectRoot = "";
			targets = (
				859575342F2E17FE00801601 /* YUSOKU */,
				8595754A2F2E17FF00801601 /* YUSOKUTests */,
				859575542F2E17FF00801601 /* YUSOKUUITests */,
			);
		};
/* End PBXProject section */

/* Begin PBXResourcesBuildPhase section */
		859575332F2E17FE00801601 /* Resources */ = {
			isa = PBXResourcesBuildPhase;
			buildActionMask = 2147483647;
			files = (
				8585BDC42F34B786000C9076 /* Assets.xcassets in Resources */,
			);
			runOnlyForDeploymentPostprocessing = 0;
		};
		859575492F2E17FF00801601 /* Resources */ = {
			isa = PBXResourcesBuildPhase;
			buildActionMask = 2147483647;
			files = (
			);
			runOnlyForDeploymentPostprocessing = 0;
		};
		859575532F2E17FF00801601 /* Resources */ = {
			isa = PBXResourcesBuildPhase;
			buildActionMask = 2147483647;
			files = (
			);
			runOnlyForDeploymentPostprocessing = 0;
		};
/* End PBXResourcesBuildPhase section */

/* Begin PBXShellScriptBuildPhase section */
		00A84C0767B51911A39B465D /* [CP] Copy Pods Resources */ = {
			isa = PBXShellScriptBuildPhase;
			buildActionMask = 2147483647;
			files = (
			);
			inputFileListPaths = (
				"${PODS_ROOT}/Target Support Files/Pods-YUSOKU-YUSOKUUITests/Pods-YUSOKU-YUSOKUUITests-resources-${CONFIGURATION}-input-files.xcfilelist",
			);
			inputPaths = (
			);
			name = "[CP] Copy Pods Resources";
			outputFileListPaths = (
				"${PODS_ROOT}/Target Support Files/Pods-YUSOKU-YUSOKUUITests/Pods-YUSOKU-YUSOKUUITests-resources-${CONFIGURATION}-output-files.xcfilelist",
			);
			outputPaths = (
			);
			runOnlyForDeploymentPostprocessing = 0;
			shellPath = /bin/sh;
			shellScript = "\"${PODS_ROOT}/Target Support Files/Pods-YUSOKU-YUSOKUUITests/Pods-YUSOKU-YUSOKUUITests-resources.sh\"\n";
			showEnvVarsInLog = 0;
		};
		00C1FFF9321B1CE0F3A438CE /* [CP] Check Pods Manifest.lock */ = {
			isa = PBXShellScriptBuildPhase;
			buildActionMask = 2147483647;
			files = (
			);
			inputFileListPaths = (
			);
			inputPaths = (
				"${PODS_PODFILE_DIR_PATH}/Podfile.lock",
				"${PODS_ROOT}/Manifest.lock",
			);
			name = "[CP] Check Pods Manifest.lock";
			outputFileListPaths = (
			);
			outputPaths = (
				"$(DERIVED_FILE_DIR)/Pods-YUSOKU-YUSOKUUITests-checkManifestLockResult.txt",
			);
			runOnlyForDeploymentPostprocessing = 0;
			shellPath = /bin/sh;
			shellScript = "diff \"${PODS_PODFILE_DIR_PATH}/Podfile.lock\" \"${PODS_ROOT}/Manifest.lock\" > /dev/null\nif [ $? != 0 ] ; then\n    # print error to STDERR\n    echo \"error: The sandbox is not in sync with the Podfile.lock. Run 'pod install' or update your CocoaPods installation.\" >&2\n    exit 1\nfi\n# This output is used by Xcode 'outputs' to avoid re-running this script phase.\necho \"SUCCESS\" > \"${SCRIPT_OUTPUT_FILE_0}\"\n";
			showEnvVarsInLog = 0;
		};
		2168E17E6F358F1309300403 /* [CP] Check Pods Manifest.lock */ = {
			isa = PBXShellScriptBuildPhase;
			buildActionMask = 2147483647;
			files = (
			);
			inputFileListPaths = (
			);
			inputPaths = (
				"${PODS_PODFILE_DIR_PATH}/Podfile.lock",
				"${PODS_ROOT}/Manifest.lock",
			);
			name = "[CP] Check Pods Manifest.lock";
			outputFileListPaths = (
			);
			outputPaths = (
				"$(DERIVED_FILE_DIR)/Pods-YUSOKUTests-checkManifestLockResult.txt",
			);
			runOnlyForDeploymentPostprocessing = 0;
			shellPath = /bin/sh;
			shellScript = "diff \"${PODS_PODFILE_DIR_PATH}/Podfile.lock\" \"${PODS_ROOT}/Manifest.lock\" > /dev/null\nif [ $? != 0 ] ; then\n    # print error to STDERR\n    echo \"error: The sandbox is not in sync with the Podfile.lock. Run 'pod install' or update your CocoaPods installation.\" >&2\n    exit 1\nfi\n# This output is used by Xcode 'outputs' to avoid re-running this script phase.\necho \"SUCCESS\" > \"${SCRIPT_OUTPUT_FILE_0}\"\n";
			showEnvVarsInLog = 0;
		};
		6861BF2BA4498D75B02BF3CE /* [CP] Check Pods Manifest.lock */ = {
			isa = PBXShellScriptBuildPhase;
			buildActionMask = 2147483647;
			files = (
			);
			inputFileListPaths = (
			);
			inputPaths = (
				"${PODS_PODFILE_DIR_PATH}/Podfile.lock",
				"${PODS_ROOT}/Manifest.lock",
			);
			name = "[CP] Check Pods Manifest.lock";
			outputFileListPaths = (
			);
			outputPaths = (
				"$(DERIVED_FILE_DIR)/Pods-YUSOKU-checkManifestLockResult.txt",
			);
			runOnlyForDeploymentPostprocessing = 0;
			shellPath = /bin/sh;
			shellScript = "diff \"${PODS_PODFILE_DIR_PATH}/Podfile.lock\" \"${PODS_ROOT}/Manifest.lock\" > /dev/null\nif [ $? != 0 ] ; then\n    # print error to STDERR\n    echo \"error: The sandbox is not in sync with the Podfile.lock. Run 'pod install' or update your CocoaPods installation.\" >&2\n    exit 1\nfi\n# This output is used by Xcode 'outputs' to avoid re-running this script phase.\necho \"SUCCESS\" > \"${SCRIPT_OUTPUT_FILE_0}\"\n";
			showEnvVarsInLog = 0;
		};
		E23AD7B69657C4392CADF9C2 /* [CP] Copy Pods Resources */ = {
			isa = PBXShellScriptBuildPhase;
			buildActionMask = 2147483647;
			files = (
			);
			inputFileListPaths = (
				"${PODS_ROOT}/Target Support Files/Pods-YUSOKU/Pods-YUSOKU-resources-${CONFIGURATION}-input-files.xcfilelist",
			);
			inputPaths = (
			);
			name = "[CP] Copy Pods Resources";
			outputFileListPaths = (
				"${PODS_ROOT}/Target Support Files/Pods-YUSOKU/Pods-YUSOKU-resources-${CONFIGURATION}-output-files.xcfilelist",
			);
			outputPaths = (
			);
			runOnlyForDeploymentPostprocessing = 0;
			shellPath = /bin/sh;
			shellScript = "\"${PODS_ROOT}/Target Support Files/Pods-YUSOKU/Pods-YUSOKU-resources.sh\"\n";
			showEnvVarsInLog = 0;
		};
/* End PBXShellScriptBuildPhase section */

/* Begin PBXSourcesBuildPhase section */
		859575312F2E17FE00801601 /* Sources */ = {
			isa = PBXSourcesBuildPhase;
			buildActionMask = 2147483647;
			files = (
			);
			runOnlyForDeploymentPostprocessing = 0;
		};
		859575472F2E17FF00801601 /* Sources */ = {
			isa = PBXSourcesBuildPhase;
			buildActionMask = 2147483647;
			files = (
			);
			runOnlyForDeploymentPostprocessing = 0;
		};
		859575512F2E17FF00801601 /* Sources */ = {
			isa = PBXSourcesBuildPhase;
			buildActionMask = 2147483647;
			files = (
			);
			runOnlyForDeploymentPostprocessing = 0;
		};
/* End PBXSourcesBuildPhase section */

/* Begin PBXTargetDependency section */
		8595754D2F2E17FF00801601 /* PBXTargetDependency */ = {
			isa = PBXTargetDependency;
			target = 859575342F2E17FE00801601 /* YUSOKU */;
			targetProxy = 8595754C2F2E17FF00801601 /* PBXContainerItemProxy */;
		};
		859575572F2E17FF00801601 /* PBXTargetDependency */ = {
			isa = PBXTargetDependency;
			target = 859575342F2E17FE00801601 /* YUSOKU */;
			targetProxy = 859575562F2E17FF00801601 /* PBXContainerItemProxy */;
		};
/* End PBXTargetDependency section */

/* Begin XCBuildConfiguration section */
		8595755F2F2E17FF00801601 /* Debug */ = {
			isa = XCBuildConfiguration;
			baseConfigurationReference = FD2AD763F3ECD49C8AD7A8E5 /* Pods-YUSOKU.debug.xcconfig */;
			buildSettings = {
				ASSETCATALOG_COMPILER_APPICON_NAME = AppIcon;
				ASSETCATALOG_COMPILER_GLOBAL_ACCENT_COLOR_NAME = AccentColor;
				CODE_SIGN_STYLE = Automatic;
				CURRENT_PROJECT_VERSION = 1;
				DEVELOPMENT_TEAM = Z8QC62V2F3;
				GENERATE_INFOPLIST_FILE = YES;
				INFOPLIST_FILE = YUSOKU/Info.plist;
				INFOPLIST_KEY_CFBundleDisplayName = "YUKIROKU♨️";
				INFOPLIST_KEY_UIApplicationSupportsIndirectInputEvents = YES;
				INFOPLIST_KEY_UILaunchStoryboardName = LaunchScreen;
				INFOPLIST_KEY_UIMainStoryboardFile = Main;
				INFOPLIST_KEY_UIStatusBarStyle = UIStatusBarStyleLightContent;
				INFOPLIST_KEY_UISupportedInterfaceOrientations = UIInterfaceOrientationPortrait;
				LD_RUNPATH_SEARCH_PATHS = (
					"$(inherited)",
					"@executable_path/Frameworks",
				);
				MARKETING_VERSION = 1.0;
				PRODUCT_BUNDLE_IDENTIFIER = com.emioiso.YUSOKU;
				PRODUCT_NAME = "$(TARGET_NAME)";
				STRING_CATALOG_GENERATE_SYMBOLS = YES;
				SWIFT_APPROACHABLE_CONCURRENCY = YES;
				SWIFT_DEFAULT_ACTOR_ISOLATION = MainActor;
				SWIFT_EMIT_LOC_STRINGS = YES;
				SWIFT_UPCOMING_FEATURE_MEMBER_IMPORT_VISIBILITY = YES;
				SWIFT_VERSION = 5.0;
				TARGETED_DEVICE_FAMILY = "1,2";
			};
			name = Debug;
		};
		859575602F2E17FF00801601 /* Release */ = {
			isa = XCBuildConfiguration;
			baseConfigurationReference = 87DE64B1C3AC0648D27301EC /* Pods-YUSOKU.release.xcconfig */;
			buildSettings = {
				ASSETCATALOG_COMPILER_APPICON_NAME = AppIcon;
				ASSETCATALOG_COMPILER_GLOBAL_ACCENT_COLOR_NAME = AccentColor;
				CODE_SIGN_STYLE = Automatic;
				CURRENT_PROJECT_VERSION = 1;
				DEVELOPMENT_TEAM = Z8QC62V2F3;
				GENERATE_INFOPLIST_FILE = YES;
				INFOPLIST_FILE = YUSOKU/Info.plist;
				INFOPLIST_KEY_CFBundleDisplayName = "YUKIROKU♨️";
				INFOPLIST_KEY_UIApplicationSupportsIndirectInputEvents = YES;
				INFOPLIST_KEY_UILaunchStoryboardName = LaunchScreen;
				INFOPLIST_KEY_UIMainStoryboardFile = Main;
				INFOPLIST_KEY_UIStatusBarStyle = UIStatusBarStyleLightContent;
				INFOPLIST_KEY_UISupportedInterfaceOrientations = UIInterfaceOrientationPortrait;
				LD_RUNPATH_SEARCH_PATHS = (
					"$(inherited)",
					"@executable_path/Frameworks",
				);
				MARKETING_VERSION = 1.0;
				PRODUCT_BUNDLE_IDENTIFIER = com.emioiso.YUSOKU;
				PRODUCT_NAME = "$(TARGET_NAME)";
				STRING_CATALOG_GENERATE_SYMBOLS = YES;
				SWIFT_APPROACHABLE_CONCURRENCY = YES;
				SWIFT_DEFAULT_ACTOR_ISOLATION = MainActor;
				SWIFT_EMIT_LOC_STRINGS = YES;
				SWIFT_UPCOMING_FEATURE_MEMBER_IMPORT_VISIBILITY = YES;
				SWIFT_VERSION = 5.0;
				TARGETED_DEVICE_FAMILY = "1,2";
			};
			name = Release;
		};
		859575612F2E17FF00801601 /* Debug */ = {
			isa = XCBuildConfiguration;
			buildSettings = {
				ALWAYS_SEARCH_USER_PATHS = NO;
				ASSETCATALOG_COMPILER_GENERATE_SWIFT_ASSET_SYMBOL_EXTENSIONS = YES;
				CLANG_ANALYZER_NONNULL = YES;
				CLANG_ANALYZER_NUMBER_OBJECT_CONVERSION = YES_AGGRESSIVE;
				CLANG_CXX_LANGUAGE_STANDARD = "gnu++20";
				CLANG_ENABLE_MODULES = YES;
				CLANG_ENABLE_OBJC_ARC = YES;
				CLANG_ENABLE_OBJC_WEAK = YES;
				CLANG_WARN_BLOCK_CAPTURE_AUTORELEASING = YES;
				CLANG_WARN_BOOL_CONVERSION = YES;
				CLANG_WARN_COMMA = YES;
				CLANG_WARN_CONSTANT_CONVERSION = YES;
				CLANG_WARN_DEPRECATED_OBJC_IMPLEMENTATIONS = YES;
				CLANG_WARN_DIRECT_OBJC_ISA_USAGE = YES_ERROR;
				CLANG_WARN_DOCUMENTATION_COMMENTS = YES;
				CLANG_WARN_EMPTY_BODY = YES;
				CLANG_WARN_ENUM_CONVERSION = YES;
				CLANG_WARN_INFINITE_RECURSION = YES;
				CLANG_WARN_INT_CONVERSION = YES;
				CLANG_WARN_NON_LITERAL_NULL_CONVERSION = YES;
				CLANG_WARN_OBJC_IMPLICIT_RETAIN_SELF = YES;
				CLANG_WARN_OBJC_LITERAL_CONVERSION = YES;
				CLANG_WARN_OBJC_ROOT_CLASS = YES_ERROR;
				CLANG_WARN_QUOTED_INCLUDE_IN_FRAMEWORK_HEADER = YES;
				CLANG_WARN_RANGE_LOOP_ANALYSIS = YES;
				CLANG_WARN_STRICT_PROTOTYPES = YES;
				CLANG_WARN_SUSPICIOUS_MOVE = YES;
				CLANG_WARN_UNGUARDED_AVAILABILITY = YES_AGGRESSIVE;
				CLANG_WARN_UNREACHABLE_CODE = YES;
				CLANG_WARN__DUPLICATE_METHOD_MATCH = YES;
				COPY_PHASE_STRIP = NO;
				DEBUG_INFORMATION_FORMAT = dwarf;
				DEVELOPMENT_TEAM = Z8QC62V2F3;
				ENABLE_STRICT_OBJC_MSGSEND = YES;
				ENABLE_TESTABILITY = YES;
				ENABLE_USER_SCRIPT_SANDBOXING = NO;
				GCC_C_LANGUAGE_STANDARD = gnu17;
				GCC_DYNAMIC_NO_PIC = NO;
				GCC_NO_COMMON_BLOCKS = YES;
				GCC_OPTIMIZATION_LEVEL = 0;
				GCC_PREPROCESSOR_DEFINITIONS = (
					"DEBUG=1",
					"$(inherited)",
				);
				GCC_WARN_64_TO_32_BIT_CONVERSION = YES;
				GCC_WARN_ABOUT_RETURN_TYPE = YES_ERROR;
				GCC_WARN_UNDECLARED_SELECTOR = YES;
				GCC_WARN_UNINITIALIZED_AUTOS = YES_AGGRESSIVE;
				GCC_WARN_UNUSED_FUNCTION = YES;
				GCC_WARN_UNUSED_VARIABLE = YES;
				IPHONEOS_DEPLOYMENT_TARGET = 26.2;
				LOCALIZATION_PREFERS_STRING_CATALOGS = YES;
				MTL_ENABLE_DEBUG_INFO = INCLUDE_SOURCE;
				MTL_FAST_MATH = YES;
				ONLY_ACTIVE_ARCH = YES;
				SDKROOT = iphoneos;
				STRING_CATALOG_GENERATE_SYMBOLS = YES;
				SWIFT_ACTIVE_COMPILATION_CONDITIONS = "DEBUG $(inherited)";
				SWIFT_OPTIMIZATION_LEVEL = "-Onone";
			};
			name = Debug;
		};
		859575622F2E17FF00801601 /* Release */ = {
			isa = XCBuildConfiguration;
			buildSettings = {
				ALWAYS_SEARCH_USER_PATHS = NO;
				ASSETCATALOG_COMPILER_GENERATE_SWIFT_ASSET_SYMBOL_EXTENSIONS = YES;
				CLANG_ANALYZER_NONNULL = YES;
				CLANG_ANALYZER_NUMBER_OBJECT_CONVERSION = YES_AGGRESSIVE;
				CLANG_CXX_LANGUAGE_STANDARD = "gnu++20";
				CLANG_ENABLE_MODULES = YES;
				CLANG_ENABLE_OBJC_ARC = YES;
				CLANG_ENABLE_OBJC_WEAK = YES;
				CLANG_WARN_BLOCK_CAPTURE_AUTORELEASING = YES;
				CLANG_WARN_BOOL_CONVERSION = YES;
				CLANG_WARN_COMMA = YES;
				CLANG_WARN_CONSTANT_CONVERSION = YES;
				CLANG_WARN_DEPRECATED_OBJC_IMPLEMENTATIONS = YES;
				CLANG_WARN_DIRECT_OBJC_ISA_USAGE = YES_ERROR;
				CLANG_WARN_DOCUMENTATION_COMMENTS = YES;
				CLANG_WARN_EMPTY_BODY = YES;
				CLANG_WARN_ENUM_CONVERSION = YES;
				CLANG_WARN_INFINITE_RECURSION = YES;
				CLANG_WARN_INT_CONVERSION = YES;
				CLANG_WARN_NON_LITERAL_NULL_CONVERSION = YES;
				CLANG_WARN_OBJC_IMPLICIT_RETAIN_SELF = YES;
				CLANG_WARN_OBJC_LITERAL_CONVERSION = YES;
				CLANG_WARN_OBJC_ROOT_CLASS = YES_ERROR;
				CLANG_WARN_QUOTED_INCLUDE_IN_FRAMEWORK_HEADER = YES;
				CLANG_WARN_RANGE_LOOP_ANALYSIS = YES;
				CLANG_WARN_STRICT_PROTOTYPES = YES;
				CLANG_WARN_SUSPICIOUS_MOVE = YES;
				CLANG_WARN_UNGUARDED_AVAILABILITY = YES_AGGRESSIVE;
				CLANG_WARN_UNREACHABLE_CODE = YES;
				CLANG_WARN__DUPLICATE_METHOD_MATCH = YES;
				COPY_PHASE_STRIP = NO;
				DEBUG_INFORMATION_FORMAT = "dwarf-with-dsym";
				DEVELOPMENT_TEAM = Z8QC62V2F3;
				ENABLE_NS_ASSERTIONS = NO;
				ENABLE_STRICT_OBJC_MSGSEND = YES;
				ENABLE_USER_SCRIPT_SANDBOXING = NO;
				GCC_C_LANGUAGE_STANDARD = gnu17;
				GCC_NO_COMMON_BLOCKS = YES;
				GCC_WARN_64_TO_32_BIT_CONVERSION = YES;
				GCC_WARN_ABOUT_RETURN_TYPE = YES_ERROR;
				GCC_WARN_UNDECLARED_SELECTOR = YES;
				GCC_WARN_UNINITIALIZED_AUTOS = YES_AGGRESSIVE;
				GCC_WARN_UNUSED_FUNCTION = YES;
				GCC_WARN_UNUSED_VARIABLE = YES;
				IPHONEOS_DEPLOYMENT_TARGET = 26.2;
				LOCALIZATION_PREFERS_STRING_CATALOGS = YES;
				MTL_ENABLE_DEBUG_INFO = NO;
				MTL_FAST_MATH = YES;
				SDKROOT = iphoneos;
				STRING_CATALOG_GENERATE_SYMBOLS = YES;
				SWIFT_COMPILATION_MODE = wholemodule;
				VALIDATE_PRODUCT = YES;
			};
			name = Release;
		};
		859575642F2E17FF00801601 /* Debug */ = {
			isa = XCBuildConfiguration;
			baseConfigurationReference = 760F3E93DA94669EAD0DD18A /* Pods-YUSOKUTests.debug.xcconfig */;
			buildSettings = {
				BUNDLE_LOADER = "$(TEST_HOST)";
				CODE_SIGN_STYLE = Automatic;
				CURRENT_PROJECT_VERSION = 1;
				DEVELOPMENT_TEAM = Z8QC62V2F3;
				GENERATE_INFOPLIST_FILE = YES;
				IPHONEOS_DEPLOYMENT_TARGET = 26.2;
				MARKETING_VERSION = 1.0;
				PRODUCT_BUNDLE_IDENTIFIER = com.emioiso.YUSOKUTests;
				PRODUCT_NAME = "$(TARGET_NAME)";
				STRING_CATALOG_GENERATE_SYMBOLS = NO;
				SWIFT_APPROACHABLE_CONCURRENCY = YES;
				SWIFT_EMIT_LOC_STRINGS = NO;
				SWIFT_UPCOMING_FEATURE_MEMBER_IMPORT_VISIBILITY = YES;
				SWIFT_VERSION = 5.0;
				TARGETED_DEVICE_FAMILY = "1,2";
				TEST_HOST = "$(BUILT_PRODUCTS_DIR)/YUSOKU.app/$(BUNDLE_EXECUTABLE_FOLDER_PATH)/YUSOKU";
			};
			name = Debug;
		};
		859575652F2E17FF00801601 /* Release */ = {
			isa = XCBuildConfiguration;
			baseConfigurationReference = 52349557987F79D682AF594C /* Pods-YUSOKUTests.release.xcconfig */;
			buildSettings = {
				BUNDLE_LOADER = "$(TEST_HOST)";
				CODE_SIGN_STYLE = Automatic;
				CURRENT_PROJECT_VERSION = 1;
				DEVELOPMENT_TEAM = Z8QC62V2F3;
				GENERATE_INFOPLIST_FILE = YES;
				IPHONEOS_DEPLOYMENT_TARGET = 26.2;
				MARKETING_VERSION = 1.0;
				PRODUCT_BUNDLE_IDENTIFIER = com.emioiso.YUSOKUTests;
				PRODUCT_NAME = "$(TARGET_NAME)";
				STRING_CATALOG_GENERATE_SYMBOLS = NO;
				SWIFT_APPROACHABLE_CONCURRENCY = YES;
				SWIFT_EMIT_LOC_STRINGS = NO;
				SWIFT_UPCOMING_FEATURE_MEMBER_IMPORT_VISIBILITY = YES;
				SWIFT_VERSION = 5.0;
				TARGETED_DEVICE_FAMILY = "1,2";
				TEST_HOST = "$(BUILT_PRODUCTS_DIR)/YUSOKU.app/$(BUNDLE_EXECUTABLE_FOLDER_PATH)/YUSOKU";
			};
			name = Release;
		};
		859575672F2E17FF00801601 /* Debug */ = {
			isa = XCBuildConfiguration;
			baseConfigurationReference = 498E625A4815F25A2B6697C6 /* Pods-YUSOKU-YUSOKUUITests.debug.xcconfig */;
			buildSettings = {
				CODE_SIGN_STYLE = Automatic;
				CURRENT_PROJECT_VERSION = 1;
				DEVELOPMENT_TEAM = Z8QC62V2F3;
				ENABLE_USER_SCRIPT_SANDBOXING = NO;
				GENERATE_INFOPLIST_FILE = YES;
				MARKETING_VERSION = 1.0;
				PRODUCT_BUNDLE_IDENTIFIER = com.emioiso.YUSOKUUITests;
				PRODUCT_NAME = "$(TARGET_NAME)";
				STRING_CATALOG_GENERATE_SYMBOLS = NO;
				SWIFT_APPROACHABLE_CONCURRENCY = YES;
				SWIFT_EMIT_LOC_STRINGS = NO;
				SWIFT_UPCOMING_FEATURE_MEMBER_IMPORT_VISIBILITY = YES;
				SWIFT_VERSION = 5.0;
				TARGETED_DEVICE_FAMILY = "1,2";
				TEST_TARGET_NAME = YUSOKU;
			};
			name = Debug;
		};
		859575682F2E17FF00801601 /* Release */ = {
			isa = XCBuildConfiguration;
			baseConfigurationReference = 95E0CF508F1E8311AC68300D /* Pods-YUSOKU-YUSOKUUITests.release.xcconfig */;
			buildSettings = {
				CODE_SIGN_STYLE = Automatic;
				CURRENT_PROJECT_VERSION = 1;
				DEVELOPMENT_TEAM = Z8QC62V2F3;
				ENABLE_USER_SCRIPT_SANDBOXING = NO;
				GENERATE_INFOPLIST_FILE = YES;
				MARKETING_VERSION = 1.0;
				PRODUCT_BUNDLE_IDENTIFIER = com.emioiso.YUSOKUUITests;
				PRODUCT_NAME = "$(TARGET_NAME)";
				STRING_CATALOG_GENERATE_SYMBOLS = NO;
				SWIFT_APPROACHABLE_CONCURRENCY = YES;
				SWIFT_EMIT_LOC_STRINGS = NO;
				SWIFT_UPCOMING_FEATURE_MEMBER_IMPORT_VISIBILITY = YES;
				SWIFT_VERSION = 5.0;
				TARGETED_DEVICE_FAMILY = "1,2";
				TEST_TARGET_NAME = YUSOKU;
			};
			name = Release;
		};
/* End XCBuildConfiguration section */

/* Begin XCConfigurationList section */
		859575302F2E17FE00801601 /* Build configuration list for PBXProject "YUSOKU" */ = {
			isa = XCConfigurationList;
			buildConfigurations = (
				859575612F2E17FF00801601 /* Debug */,
				859575622F2E17FF00801601 /* Release */,
			);
			defaultConfigurationIsVisible = 0;
			defaultConfigurationName = Release;
		};
		8595755E2F2E17FF00801601 /* Build configuration list for PBXNativeTarget "YUSOKU" */ = {
			isa = XCConfigurationList;
			buildConfigurations = (
				8595755F2F2E17FF00801601 /* Debug */,
				859575602F2E17FF00801601 /* Release */,
			);
			defaultConfigurationIsVisible = 0;
			defaultConfigurationName = Release;
		};
		859575632F2E17FF00801601 /* Build configuration list for PBXNativeTarget "YUSOKUTests" */ = {
			isa = XCConfigurationList;
			buildConfigurations = (
				859575642F2E17FF00801601 /* Debug */,
				859575652F2E17FF00801601 /* Release */,
			);
			defaultConfigurationIsVisible = 0;
			defaultConfigurationName = Release;
		};
		859575662F2E17FF00801601 /* Build configuration list for PBXNativeTarget "YUSOKUUITests" */ = {
			isa = XCConfigurationList;
			buildConfigurations = (
				859575672F2E17FF00801601 /* Debug */,
				859575682F2E17FF00801601 /* Release */,
			);
			defaultConfigurationIsVisible = 0;
			defaultConfigurationName = Release;
		};
/* End XCConfigurationList section */
	};
	rootObject = 8595752D2F2E17FE00801601 /* Project object */;
}
